
Microsoft Visual Studio Solution File, Format Version 12.00
# Visual Studio Version 17
VisualStudioVersion = 17.10.34928.147
MinimumVisualStudioVersion = 10.0.40219.1
Project("{FAE04EC0-301F-11D3-BF4B-00C04F79EFBC}") = "StopSign", "StopSign\StopSign.csproj", "{7D04C803-0EB7-41C1-93EE-9DCCE8701CB3}"
EndProject
Global
	GlobalSection(SolutionConfigurationPlatforms) = preSolution
		Debug|Any CPU = Debug|Any CPU
		Release|Any CPU = Release|Any CPU
	EndGlobalSection
	GlobalSection(ProjectConfigurationPlatforms) = postSolution
		{7D04C803-0EB7-41C1-93EE-9DCCE8701CB3}.Debug|Any CPU.ActiveCfg = Debug|Any CPU
		{7D04C803-0EB7-41C1-93EE-9DCCE8701CB3}.Debug|Any CPU.Build.0 = Debug|Any CPU
		{7D04C803-0EB7-41C1-93EE-9DCCE8701CB3}.Release|Any CPU.ActiveCfg = Release|Any CPU
		{7D04C803-0EB7-41C1-93EE-9DCCE8701CB3}.Release|Any CPU.Build.0 = Release|Any CPU
	EndGlobalSection
	GlobalSection(SolutionProperties) = preSolution
		HideSolutionNode = FALSE
	EndGlobalSection
	GlobalSection(ExtensibilityGlobals) = postSolution
		SolutionGuid = {356E1F99-7ED4-4AA9-A1A9-7CD7AFB24F92}
	EndGlobalSection
EndGlobal
