
Microsoft Visual Studio Solution File, Format Version 12.00
# Visual Studio Version 17
VisualStudioVersion = 17.10.34928.147
MinimumVisualStudioVersion = 10.0.40219.1
Project("{FAE04EC0-301F-11D3-BF4B-00C04F79EFBC}") = "UsingChar", "UsingChar\UsingChar.csproj", "{24C74AF4-4F56-492C-9FE9-E27ABEF5C821}"
EndProject
Global
	GlobalSection(SolutionConfigurationPlatforms) = preSolution
		Debug|Any CPU = Debug|Any CPU
		Release|Any CPU = Release|Any CPU
	EndGlobalSection
	GlobalSection(ProjectConfigurationPlatforms) = postSolution
		{24C74AF4-4F56-492C-9FE9-E27ABEF5C821}.Debug|Any CPU.ActiveCfg = Debug|Any CPU
		{24C74AF4-4F56-492C-9FE9-E27ABEF5C821}.Debug|Any CPU.Build.0 = Debug|Any CPU
		{24C74AF4-4F56-492C-9FE9-E27ABEF5C821}.Release|Any CPU.ActiveCfg = Release|Any CPU
		{24C74AF4-4F56-492C-9FE9-E27ABEF5C821}.Release|Any CPU.Build.0 = Release|Any CPU
	EndGlobalSection
	GlobalSection(SolutionProperties) = preSolution
		HideSolutionNode = FALSE
	EndGlobalSection
	GlobalSection(ExtensibilityGlobals) = postSolution
		SolutionGuid = {5626987A-FBFD-42EF-B22B-AA2B44D204B8}
	EndGlobalSection
EndGlobal
