
Microsoft Visual Studio Solution File, Format Version 12.00
# Visual Studio Version 17
VisualStudioVersion = 17.10.34928.147
MinimumVisualStudioVersion = 10.0.40219.1
Project("{FAE04EC0-301F-11D3-BF4B-00C04F79EFBC}") = "DefiningNamedConstants", "DefiningNamedConstants\DefiningNamedConstants.csproj", "{2638BDBF-20C3-43FC-80BB-A700033152F6}"
EndProject
Global
	GlobalSection(SolutionConfigurationPlatforms) = preSolution
		Debug|Any CPU = Debug|Any CPU
		Release|Any CPU = Release|Any CPU
	EndGlobalSection
	GlobalSection(ProjectConfigurationPlatforms) = postSolution
		{2638BDBF-20C3-43FC-80BB-A700033152F6}.Debug|Any CPU.ActiveCfg = Debug|Any CPU
		{2638BDBF-20C3-43FC-80BB-A700033152F6}.Debug|Any CPU.Build.0 = Debug|Any CPU
		{2638BDBF-20C3-43FC-80BB-A700033152F6}.Release|Any CPU.ActiveCfg = Release|Any CPU
		{2638BDBF-20C3-43FC-80BB-A700033152F6}.Release|Any CPU.Build.0 = Release|Any CPU
	EndGlobalSection
	GlobalSection(SolutionProperties) = preSolution
		HideSolutionNode = FALSE
	EndGlobalSection
	GlobalSection(ExtensibilityGlobals) = postSolution
		SolutionGuid = {9C85057F-9877-403F-9EC7-26A58913EA74}
	EndGlobalSection
EndGlobal
