
Microsoft Visual Studio Solution File, Format Version 12.00
# Visual Studio Version 17
VisualStudioVersion = 17.10.35004.147
MinimumVisualStudioVersion = 10.0.40219.1
Project("{FAE04EC0-301F-11D3-BF4B-00C04F79EFBC}") = "ifStatements", "ifStatements\ifStatements.csproj", "{C35F2DC5-AD41-4143-ADB0-81FBE918F018}"
EndProject
Global
	GlobalSection(SolutionConfigurationPlatforms) = preSolution
		Debug|Any CPU = Debug|Any CPU
		Release|Any CPU = Release|Any CPU
	EndGlobalSection
	GlobalSection(ProjectConfigurationPlatforms) = postSolution
		{C35F2DC5-AD41-4143-ADB0-81FBE918F018}.Debug|Any CPU.ActiveCfg = Debug|Any CPU
		{C35F2DC5-AD41-4143-ADB0-81FBE918F018}.Debug|Any CPU.Build.0 = Debug|Any CPU
		{C35F2DC5-AD41-4143-ADB0-81FBE918F018}.Release|Any CPU.ActiveCfg = Release|Any CPU
		{C35F2DC5-AD41-4143-ADB0-81FBE918F018}.Release|Any CPU.Build.0 = Release|Any CPU
	EndGlobalSection
	GlobalSection(SolutionProperties) = preSolution
		HideSolutionNode = FALSE
	EndGlobalSection
	GlobalSection(ExtensibilityGlobals) = postSolution
		SolutionGuid = {0FE8571E-C27E-473D-843B-0EA8939A4942}
	EndGlobalSection
EndGlobal
